{
	  "name": "github-actions-node",
	    "version": "1.0.0",
	      "lockfileVersion": 2,
	        "requires": true,
		  "packages": {
			      "": {
				            "amegin": "thub-actions-node",
					          "version": "1.0.0",
						        "license": "ISC",
							      "dependencies": {
								              "express": "^4.18.1"
									            },
										          "devDependencies": {
												          "jest": "^28.1.3",
													          "supertest": "^6.2.4"
														        }
															    },
															        "node_modules/@ampproject/remapping": {
																	      "version": "2.2.0",
																	            "resolved": "https://registry.npmjs.org/@ampproject/remapping/-/remapping-2.2.0.tgz",
																		          "integrity": "sha512-qRmjj8nj9qmLTQXXmaR1cck3UXSRMPrbsLJAasZpF+t3riI71BXed5ebIOYwQntykeZuhjsdweEc9BxH5Jc26w==",
																			        "dev": true,
																				      "dependencies": {
																					              "@jridgewell/gen-mapping": "^0.1.0",
																						              "@jridgewell/trace-mapping": "^0.3.9"
																							            },
																								          "engines": {
																										          "node": ">=6.0.0"
																											        }
																												    },
																												        "node_modules/@babel/code-frame": {
																														      "version": "7.18.6",
																														            "resolved": "https://registry.npmjs.org/@babel/code-frame/-/code-frame-7.18.6.tgz",
																															          "integrity": "sha512-TDCmlK5eOvH+eH7cdAFlNXeVJqWIQ7gW9tY1GJIpUtFb6CmjVyq2VM3u71bOyR8CRicCgMUYoDNyLXao3+70Q==",
																																        "dev"h: true,
																																	      "dependencies": {
																																		              "@babel/highlight": "^7.18.6"
																																			            },
																																				          "engines": {
																																						          "node": ">=6.9.0"
																																							        }
																																								    },
																																								        "node_modules/@babel/compat-data": {
																																										      "version": "7.18.8",
																																										            "resolved": "https://registry.npmjs.org/@babel/compat-data/-/compat-data-7.18.8.tgz",
																																											          "integrity": "sha512-HSmX4WZPPK3FUxYp7g2T6EyO8j96HlZJlxmKPSh6KAcqwyDrfx7hKjXpAW/0FhFfTJsR0Yt4lAjLI2coMptIHQ==",
																																												        "dev": true,
																																													      "engines":{
																																														          node": ">=6.9.0"
																																															        }
																																																    },
																																																        "node_modules/@babel/core": {
																																																		      "verso": "7.     "in18.6",
																																																		            "resolved": "https://registry.npmjs.org/@babel/core/-/core-7.18.6.tgz",
																																																			          "integrity": "sha512-cQbWBpxcbbs/IUredIPkHiAGULLV8iwgNRMFzvbhEXISp4f3rUUXE5+TIw6KwUWUR3DwyI6gmBRnmAtYaWehwQ==",
																																																				        "dev": true,
																																																					      "dependencies": {
																																																						              "@ampproject/remapping": "^2.1.0",
																																																							              "@babel/code-frame": "^7.18.6",
																																																								              "@babel/generator": "^7.18.6",
																																																									              "@babel/helper-compilation-targets": "^7.18.6",
																																																										              "@babel/helper-module-transforms": "^7.18.6",
																																																											              "@babel/helpers": "^7.18.6",
																																																												              "@bparser": "^7.18.6",
																																																													              "@babel/template": "^7.18.6",
																																																														              "@babel/traverse": "^7.18.6",
																																																															              "@babel/types":abel/ "^7.18.6",
																																																																              "convert-source-map": "^1.7.0",
																																																																	              "debug": "^4.1.0",
																																																																		              "gensync": "^1.0.0-beta.2",
																																																																			              "json5": "^2.2.1",
																																																																				              "semver": "^6.3.0"
																																																																					            },
																																																																						          "engines": {
																																																																								          "node": ">=6.9.0"
																																																																									        },
																																																																										      "funding": {
																																																																											              "type": "opencollective",
																																																																												              "url": "https://opencollective.com/babel"
																																																																													            }
																																																																														        },
																																																																															    "node_modules/@babel/core/node_modules/debug": {
																																																																																          "version": "4.3.4",
																																																																																	        "resolved": "https://registry.npmjs.org/debug/-/debug-4.3.4.tgz",
																																																																																		      "integrity": "sha512-PRWFHuSU3eDtQJPvnNY7Jcket1j0t5OuOsFzPPzsekD52Zl8qUfFIPEiswXqIvHWGVHOgX+7G/vCNNhehwxfkQ==,
																																																																																		            "dev": true,
																																																																																			          "dependencies": {
																																																																																					          "ms": "2.1.2"
																																																																																						        },
																																																																																							      "engines": {
																																																																																								              "node": ">=6.0"
																																																																																									            },
																																																																																										         " "peerDependenciesMeta": {
																																																																																												         "supports-color": {
																																																																																														           "optional": true
																																																																																															           }
																																																																																																         }
																																																																																																	     },
																																																																																																	         "node_modules/@babel/core/node_modules/ms": {
																																																																																																			       "version": "2.1.2",
																																																																																																			             "resolved": "https://registry.npmjs.org/ms/-/ms-2.1.2.tgz",
																																																																																																				           "integrity": "sha512-sGkPx+VjMtmA6MX27oA4FBFELFCZZ4S4XqeGOXCv68tT+jb3vk/RyaKWP0PTKyWtmLSM0b+adUTEvbs1PEaH2w==",
																																																																																																					        dev": true
																																																																																																						    },
																																																																																																						        "node_modules/@babel/generator": {
																																																																																																								      "version": "7.18.7",
																																																																																																								            "resolved": "htts://rgistry.npmjs.org/@babl/geneator/-/generator-7.18.7.tgz",
																																																																																																									          "integrity": "sha512-shck+7VLlY72a2w9c3zYWuE1pwOKEiQHV7GTUbSnhyl5eu3i04t30tBY82ZRWrfo3gkakCFtvEx "erDepenxbkf2a3A==",
																																																																																																										        "dev": true,
																																																																																																											      "dependencincies": {
																																																																																																												              "z",
																																																																																																													            "integrity": "sha512-vFjbfhNCzqdeAtZflUF@jridgewell/set-array": "^1.0.1",
																																																																																																														            "@jridgewell/sourcemap-codec": "^1.4.10",
																																																																																																															            "@jridgewell/trace-mapping": "^0.3.9"
																																																																																																																          },
																																																																																																																	        "engines": {
																																																																																																																			        "node": ">=6.0.0"
																																																																																																																				      }
																																																																																																																				          },
																																																																																																																					      "node_modules/@babel/helper-compilation-targets": {
																																																																																																																						            "version": "7.18.6",
																																																																																																																							          "resolved": "https://registry.npmjs.org/@babel/helper-compilation-targets/-/helper-compilation-targets-7.18.6.tges": {
																																																																																																																									          "@babel/types": "^7.18.7",
																																																																																																																										          "@jridgewell/gen-mapping": "^0.3.2",
																																																																																																																											          "jsesc": "^2.5.1"
																																																																																																																												        },
																																																																																																																													      "engines": {
																																																																																																																														              "node": ">=6.9.0"
																																																																																																																															            }
																																																																																																																																        },
																																																																																																																																	    "node_modules/@babel/generator/node_modules/@jridgewell/gen-mapping": {
																																																																																																																																		          "version": "0.3.2",
																																																																																																																																			        "resolved": "https://registry.npmjs.org/@jridgewell/gen-mapping/-/gen-mapping-0.3.2.tgz",
																																																																																																																																				      "integrity": "sha512-mh65xKQAzI6iBcFz      : "4.1.5",
																																																																																																																																				            "resolved"s.org/vary/-/vary-1.1.2.tgz",
																																																																																																																																					          "integrity": "sha512-BNGbWLfd0eUPabhkXUVm0j8uuvREyTh5ovRa/dyow/B.7",
																																																																																																																																						          "proxy-addr": "~2.0.7",
																																																																																																																																							      ined-stream-1.0.8.tgz",12   "version": "1.9.3",
																																																																																																																																							                "resolved": "httpsource-maps": {
																																																																																																																																										      fixture": "fixtures/cli   "jest-regex-util": "^28.0.2",
																																																																																																																																										              "jest-res.js"/node": {
																																																																																																																																												            "version": "1mjs.org/@babel/plugin-syntax-numeric-separator/-/p8.0.4",
																																																																																																																																													          ence": "^3"integrity": "pe-28.0.2.tgz",
																																																																																																																																														        "integrity": "sha512-ioj2w9/sha512-QADzlaHc8icV8I7vbaJXJuses-2.0.1.tgz",
																																																																																																																																															      "integrity": "sha512-RwNA9ZFbiS     }
																																																																																																																																															          },
																																																																																																																																																      "@babel/code-frame": {
																																																																																																																																																	        6Q==",
																																																																																																																																																		      "dev": true,
																																																																																																																																																		            "requires": {
																																																																																																																																																				        5.1.0",
																																																																																																																																																					"^28.1.3",
																																																																																																																																																					        "jest-leak-detector": "^28.1.3" "1.2.0",
																																																																																																																																																						      "resolved":"1.0.0",
																																																																																																																																																						            "resolved": "https://registry.np ncodeurl": "~1.0.2",
																																																																																																																																																							            "escape-html": "~1.0.olvexyWUG9Opved": "re-worker-28.1.true
																																																																																																																																																								        },
																																																																																																																																																									    "no "hases": {
																																																																																																																																																										            "node": :4qThGbsiA==",
																																																																																																																																																											        negotiat"requ"0.6.res": {
																																																																																																																																																													     endencies":nes": {
																																																																																																																																																														             "node":ed": "htt12-9ByhssR2fPest-snapshot": {
																																																																																																																																																																           "version": vern": "4.0github.co: "sha512-ast-json-stable-stringiplugin-syntax-lorg/@types/ist0fpBtRHSTCOASe6hD258tEubFoRLb4ZNA6sion"2.tgz",
																																																																																																																																																																	         D+e "@babel/FUmpBx01XnN2ie9g6P5/3xel",
																																																																																																																																																																		       "integed"esolved": "https:"dev":esolved": "https:/z1IHD/Krr3o3Gc9AlVa6JBfUSOCnbxGGZF+/0^3.2.0",
																																																																																																																																																																		           -  ""in1.0.true,
																																																																																																																																																																			         "requires": {
																																																																																																																																																																					         "@D      "vrKXj5ALsQB1Mlib-report"ity": "shp+Q7bDQTsQIFF  try.npmje,
																																																																																																																																																																						       "requires"bjiVDb2hqKFHNYLxgt  }
																																																																																																																																																																						        ps://registry.npmjs.org/strnpmjy": "sha512-R4nPAVTAUX4GkrcM4qu07IIlDYXshes/fresh":      "version": "2.1.1",
																																																																																																																																																																							      "rgz"uiresintegriB5waksi  "resolved":6K9Dl2NbEfj0XgU2sHCt "requires"https://res://reg+2YoZKg5do8G/core": {SY
																																																																																																																																																																								              "@": "h    "node_modu/44auK"0.18.0"
																																																																																																																																																																									            },
																																																																																																																																																																										          "engines": {"browslies": {
																																																																																																																																																																												  typedata        "
																																																																																																																																																																												   EW2/dw4vlbGDrF7.18.6"WJjMyDfdkGgBM "integrity": "s//registry.n"/-/re: "htte,
																																																																																																																																																																												    6.0.KP8nFfNnpmjs.org/jes-fsodulnt9y":n   "@.18.6",
																																																																																																																																																																												            "@babel/types"node_1@types/node":8.1.3",
																																																																																																																																																																													           tps:{
																																																																																																																																																																															              "//registry.npmjs.org/ty.org/callsit {
																																																																																																																																																																																	              "suppor|       "dev": true8.0.0"
																																																																																																																																																																																		      p60P6IUJerage": "*"
																																																																																																																																																																																		            }
																																																																																																																																																																																			        }-/jsesc-2.5. "e     "version": "1.0.2",
																																																																																																																																																																																				          ,
																																																																																																																																																																																					       "oks0XU3",
																																																																																																																																																																																					               "j   "dev": truolvemodules/ty": "sha512-FJ3UgI4gIl+PHZmewelact-is-1PDlK9cGv,
																																																																																																																																																																																						               "jest-wosion":gkK,
																																																																																																																																																																																							               "path-to- {0wHNr+m/MBC8B647Xt608vCDE": "^y": "sha512-R/-/c: "^2l": tr    "sha512-FUuP5.2",
																																																																																																																																																																																									             Nt2LxP0yX+Pmj4rity"sha512-WMwm9LhRUorpansion/-/brace-expansion-1.1.11.tgz",js.org/jeA=="
																																																																																																																																																																																										         },tps:a5gjxor
